// !$*UTF8*$!
{
	archiveVersion = 1;
	classes = {
	};
	objectVersion = 46;
	objects = {

/* Begin PBXBuildFile section */
		38A0C3F31CBE70FA00C6BA33 /* scrollviewDemo.swift in Sources */ = {isa = PBXBuildFile; fileRef = 38A0C3F21CBE70FA00C6BA33 /* scrollviewDemo.swift */; };
		38E37BE91C6DE36400807203 /* main.m in Sources */ = {isa = PBXBuildFile; fileRef = 38E37BE81C6DE36400807203 /* main.m */; };
		38E37BEC1C6DE36400807203 /* AppDelegate.m in Sources */ = {isa = PBXBuildFile; fileRef = 38E37BEB1C6DE36400807203 /* AppDelegate.m */; };
		38E37BEF1C6DE36500807203 /* ViewController.m in Sources */ = {isa = PBXBuildFile; fileRef = 38E37BEE1C6DE36400807203 /* ViewController.m */; };
		38E37BF21C6DE36500807203 /* Main.storyboard in Resources */ = {isa = PBXBuildFile; fileRef = 38E37BF01C6DE36500807203 /* Main.storyboard */; };
		38E37BF51C6DE36600807203 /* scrollviewDemo.xcdatamodeld in Sources */ = {isa = PBXBuildFile; fileRef = 38E37BF31C6DE36500807203 /* scrollviewDemo.xcdatamodeld */; };
		38E37BF71C6DE36600807203 /* Assets.xcassets in Resources */ = {isa = PBXBuildFile; fileRef = 38E37BF61C6DE36600807203 /* Assets.xcassets */; };
		38E37BFA1C6DE36600807203 /* LaunchScreen.storyboard in Resources */ = {isa = PBXBuildFile; fileRef = 38E37BF81C6DE36600807203 /* LaunchScreen.storyboard */; };
		38E37C0A1C6DEB9100807203 /* DemoViewController.m in Sources */ = {isa = PBXBuildFile; fileRef = 38E37C081C6DEB9100807203 /* DemoViewController.m */; };
		38E37C0B1C6DEB9100807203 /* DemoViewController.xib in Resources */ = {isa = PBXBuildFile; fileRef = 38E37C091C6DEB9100807203 /* DemoViewController.xib */; };
		38E37C0D1C6DEED000807203 /* Img1.png in Resources */ = {isa = PBXBuildFile; fileRef = 38E37C0C1C6DEED000807203 /* Img1.png */; };
/* End PBXBuildFile section */

/* Begin PBXContainerItemProxy section */
		38A0C3FB1CBE71F700C6BA33 /* PBXContainerItemProxy */ = {
			isa = PBXContainerItemProxy;
			containerPortal = 38A0C3F41CBE71F700C6BA33 /* ChartsDemo.xcodeproj */;
			proxyType = 2;
			remoteGlobalIDString = 5B57BBAF1A9B26AA0036A6CC;
			remoteInfo = ChartsDemo;
		};
/* End PBXContainerItemProxy section */

/* Begin PBXFileReference section */
		38A0C3F11CBE70FA00C6BA33 /* scrollviewDemo-Bridging-Header.h */ = {isa = PBXFileReference; lastKnownFileType = sourcecode.c.h; path = "scrollviewDemo-Bridging-Header.h"; sourceTree = "<group>"; };
		38A0C3F21CBE70FA00C6BA33 /* scrollviewDemo.swift */ = {isa = PBXFileReference; fileEncoding = 4; lastKnownFileType = sourcecode.swift; path = scrollviewDemo.swift; sourceTree = "<group>"; };
		38A0C3F41CBE71F700C6BA33 /* ChartsDemo.xcodeproj */ = {isa = PBXFileReference; lastKnownFileType = "wrapper.pb-project"; name = ChartsDemo.xcodeproj; path = "../../../Downloads/ios-charts-master/ChartsDemo/ChartsDemo.xcodeproj"; sourceTree = "<group>"; };
		38A0C3FD1CBE72AD00C6BA33 /* ChartsRealm.framework */ = {isa = PBXFileReference; lastKnownFileType = wrapper.framework; name = ChartsRealm.framework; path = "../../../Downloads/ios-charts-master/ChartsRealm/build/Debug-iphoneos/ChartsRealm.framework"; sourceTree = "<group>"; };
		38E37BE41C6DE36300807203 /* scrollviewDemo.app */ = {isa = PBXFileReference; explicitFileType = wrapper.application; includeInIndex = 0; path = scrollviewDemo.app; sourceTree = BUILT_PRODUCTS_DIR; };
		38E37BE81C6DE36400807203 /* main.m */ = {isa = PBXFileReference; lastKnownFileType = sourcecode.c.objc; path = main.m; sourceTree = "<group>"; };
		38E37BEA1C6DE36400807203 /* AppDelegate.h */ = {isa = PBXFileReference; lastKnownFileType = sourcecode.c.h; path = AppDelegate.h; sourceTree = "<group>"; };
		38E37BEB1C6DE36400807203 /* AppDelegate.m */ = {isa = PBXFileReference; lastKnownFileType = sourcecode.c.objc; path = AppDelegate.m; sourceTree = "<group>"; };
		38E37BED1C6DE36400807203 /* ViewController.h */ = {isa = PBXFileReference; lastKnownFileType = sourcecode.c.h; path = ViewController.h; sourceTree = "<group>"; };
		38E37BEE1C6DE36400807203 /* ViewController.m */ = {isa = PBXFileReference; lastKnownFileType = sourcecode.c.objc; path = ViewController.m; sourceTree = "<group>"; };
		38E37BF11C6DE36500807203 /* Base */ = {isa = PBXFileReference; lastKnownFileType = file.storyboard; name = Base; path = Base.lproj/Main.storyboard; sourceTree = "<group>"; };
		38E37BF41C6DE36500807203 /* scrollviewDemo.xcdatamodel */ = {isa = PBXFileReference; lastKnownFileType = wrapper.xcdatamodel; path = scrollviewDemo.xcdatamodel; sourceTree = "<group>"; };
		38E37BF61C6DE36600807203 /* Assets.xcassets */ = {isa = PBXFileReference; lastKnownFileType = folder.assetcatalog; path = Assets.xcassets; sourceTree = "<group>"; };
		38E37BF91C6DE36600807203 /* Base */ = {isa = PBXFileReference; lastKnownFileType = file.storyboard; name = Base; path = Base.lproj/LaunchScreen.storyboard; sourceTree = "<group>"; };
		38E37BFB1C6DE36600807203 /* Info.plist */ = {isa = PBXFileReference; lastKnownFileType = text.plist.xml; path = Info.plist; sourceTree = "<group>"; };
		38E37C071C6DEB9100807203 /* DemoViewController.h */ = {isa = PBXFileReference; fileEncoding = 4; lastKnownFileType = sourcecode.c.h; path = DemoViewController.h; sourceTree = "<group>"; };
		38E37C081C6DEB9100807203 /* DemoViewController.m */ = {isa = PBXFileReference; fileEncoding = 4; lastKnownFileType = sourcecode.c.objc; path = DemoViewController.m; sourceTree = "<group>"; };
		38E37C091C6DEB9100807203 /* DemoViewController.xib */ = {isa = PBXFileReference; fileEncoding = 4; lastKnownFileType = file.xib; path = DemoViewController.xib; sourceTree = "<group>"; };
		38E37C0C1C6DEED000807203 /* Img1.png */ = {isa = PBXFileReference; lastKnownFileType = image.png; path = Img1.png; sourceTree = "<group>"; };
/* End PBXFileReference section */

/* Begin PBXFrameworksBuildPhase section */
		38E37BE11C6DE36200807203 /* Frameworks */ = {
			isa = PBXFrameworksBuildPhase;
			buildActionMask = 2147483647;
			files = (
			);
			runOnlyForDeploymentPostprocessing = 0;
		};
/* End PBXFrameworksBuildPhase section */

/* Begin PBXGroup section */
		38A0C3F51CBE71F700C6BA33 /* Products */ = {
			isa = PBXGroup;
			children = (
				38A0C3FC1CBE71F700C6BA33 /* ChartsDemo.app */,
			);
			name = Products;
			sourceTree = "<group>";
		};
		38E37BDB1C6DE36200807203 = {
			isa = PBXGroup;
			children = (
				38A0C3FD1CBE72AD00C6BA33 /* ChartsRealm.framework */,
				38A0C3F21CBE70FA00C6BA33 /* scrollviewDemo.swift */,
				38A0C3F11CBE70FA00C6BA33 /* scrollviewDemo-Bridging-Header.h */,
				38E37C0C1C6DEED000807203 /* Img1.png */,
				38E37C071C6DEB9100807203 /* DemoViewController.h */,
				38E37C081C6DEB9100807203 /* DemoViewController.m */,
				38E37C091C6DEB9100807203 /* DemoViewController.xib */,
				38E37BE61C6DE36400807203 /* scrollviewDemo */,
				38E37BE51C6DE36300807203 /* Products */,
				38A0C3F41CBE71F700C6BA33 /* ChartsDemo.xcodeproj */,
			);
			sourceTree = "<group>";
		};
		38E37BE51C6DE36300807203 /* Products */ = {
			isa = PBXGroup;
			children = (
				38E37BE41C6DE36300807203 /* scrollviewDemo.app */,
			);
			name = Products;
			sourceTree = "<group>";
		};
		38E37BE61C6DE36400807203 /* scrollviewDemo */ = {
			isa = PBXGroup;
			children = (
				38E37BEA1C6DE36400807203 /* AppDelegate.h */,
				38E37BEB1C6DE36400807203 /* AppDelegate.m */,
				38E37BED1C6DE36400807203 /* ViewController.h */,
				38E37BEE1C6DE36400807203 /* ViewController.m */,
				38E37BF01C6DE36500807203 /* Main.storyboard */,
				38E37BF61C6DE36600807203 /* Assets.xcassets */,
				38E37BF81C6DE36600807203 /* LaunchScreen.storyboard */,
				38E37BFB1C6DE36600807203 /* Info.plist */,
				38E37BF31C6DE36500807203 /* scrollviewDemo.xcdatamodeld */,
				38E37BE71C6DE36400807203 /* Supporting Files */,
			);
			path = scrollviewDemo;
			sourceTree = "<group>";
		};
		38E37BE71C6DE36400807203 /* Supporting Files */ = {
			isa = PBXGroup;
			children = (
				38E37BE81C6DE36400807203 /* main.m */,
			);
			name = "Supporting Files";
			sourceTree = "<group>";
		};
/* End PBXGroup section */

/* Begin PBXNativeTarget section */
		38E37BE31C6DE36200807203 /* scrollviewDemo */ = {
			isa = PBXNativeTarget;
			buildConfigurationList = 38E37BFE1C6DE36600807203 /* Build configuration list for PBXNativeTarget "scrollviewDemo" */;
			buildPhases = (
				38E37BE01C6DE36200807203 /* Sources */,
				38E37BE11C6DE36200807203 /* Frameworks */,
				38E37BE21C6DE36200807203 /* Resources */,
			);
			buildRules = (
			);
			dependencies = (
			);
			name = scrollviewDemo;
			productName = scrollviewDemo;
			productReference = 38E37BE41C6DE36300807203 /* scrollviewDemo.app */;
			productType = "com.apple.product-type.application";
		};
/* End PBXNativeTarget section */

/* Begin PBXProject section */
		38E37BDC1C6DE36200807203 /* Project object */ = {
			isa = PBXProject;
			attributes = {
				LastUpgradeCheck = 0720;
				ORGANIZATIONNAME = iBoss;
				TargetAttributes = {
					38E37BE31C6DE36200807203 = {
						CreatedOnToolsVersion = 7.2;
						DevelopmentTeam = SSW2MT896X;
						LastSwiftMigration = 0800;
						ProvisioningStyle = Manual;
					};
				};
			};
			buildConfigurationList = 38E37BDF1C6DE36200807203 /* Build configuration list for PBXProject "scrollviewDemo" */;
			compatibilityVersion = "Xcode 3.2";
			developmentRegion = English;
			hasScannedForEncodings = 0;
			knownRegions = (
				en,
				Base,
			);
			mainGroup = 38E37BDB1C6DE36200807203;
			productRefGroup = 38E37BE51C6DE36300807203 /* Products */;
			projectDirPath = "";
			projectReferences = (
				{
					ProductGroup = 38A0C3F51CBE71F700C6BA33 /* Products */;
					ProjectRef = 38A0C3F41CBE71F700C6BA33 /* ChartsDemo.xcodeproj */;
				},
			);
			projectRoot = "";
			targets = (
				38E37BE31C6DE36200807203 /* scrollviewDemo */,
			);
		};
/* End PBXProject section */

/* Begin PBXReferenceProxy section */
		38A0C3FC1CBE71F700C6BA33 /* ChartsDemo.app */ = {
			isa = PBXReferenceProxy;
			fileType = wrapper.application;
			path = ChartsDemo.app;
			remoteRef = 38A0C3FB1CBE71F700C6BA33 /* PBXContainerItemProxy */;
			sourceTree = BUILT_PRODUCTS_DIR;
		};
/* End PBXReferenceProxy section */

/* Begin PBXResourcesBuildPhase section */
		38E37BE21C6DE36200807203 /* Resources */ = {
			isa = PBXResourcesBuildPhase;
			buildActionMask = 2147483647;
			files = (
				38E37BFA1C6DE36600807203 /* LaunchScreen.storyboard in Resources */,
				38E37BF71C6DE36600807203 /* Assets.xcassets in Resources */,
				38E37C0D1C6DEED000807203 /* Img1.png in Resources */,
				38E37BF21C6DE36500807203 /* Main.storyboard in Resources */,
				38E37C0B1C6DEB9100807203 /* DemoViewController.xib in Resources */,
			);
			runOnlyForDeploymentPostprocessing = 0;
		};
/* End PBXResourcesBuildPhase section */

/* Begin PBXSourcesBuildPhase section */
		38E37BE01C6DE36200807203 /* Sources */ = {
			isa = PBXSourcesBuildPhase;
			buildActionMask = 2147483647;
			files = (
				38E37BEF1C6DE36500807203 /* ViewController.m in Sources */,
				38E37BEC1C6DE36400807203 /* AppDelegate.m in Sources */,
				38E37BF51C6DE36600807203 /* scrollviewDemo.xcdatamodeld in Sources */,
				38E37C0A1C6DEB9100807203 /* DemoViewController.m in Sources */,
				38A0C3F31CBE70FA00C6BA33 /* scrollviewDemo.swift in Sources */,
				38E37BE91C6DE36400807203 /* main.m in Sources */,
			);
			runOnlyForDeploymentPostprocessing = 0;
		};
/* End PBXSourcesBuildPhase section */

/* Begin PBXVariantGroup section */
		38E37BF01C6DE36500807203 /* Main.storyboard */ = {
			isa = PBXVariantGroup;
			children = (
				38E37BF11C6DE36500807203 /* Base */,
			);
			name = Main.storyboard;
			sourceTree = "<group>";
		};
		38E37BF81C6DE36600807203 /* LaunchScreen.storyboard */ = {
			isa = PBXVariantGroup;
			children = (
				38E37BF91C6DE36600807203 /* Base */,
			);
			name = LaunchScreen.storyboard;
			sourceTree = "<group>";
		};
/* End PBXVariantGroup section */

/* Begin XCBuildConfiguration section */
		38E37BFC1C6DE36600807203 /* Debug */ = {
			isa = XCBuildConfiguration;
			buildSettings = {
				ALWAYS_SEARCH_USER_PATHS = NO;
				CLANG_CXX_LANGUAGE_STANDARD = "gnu++0x";
				CLANG_CXX_LIBRARY = "libc++";
				CLANG_ENABLE_MODULES = YES;
				CLANG_ENABLE_OBJC_ARC = YES;
				CLANG_WARN_BOOL_CONVERSION = YES;
				CLANG_WARN_CONSTANT_CONVERSION = YES;
				CLANG_WARN_DIRECT_OBJC_ISA_USAGE = YES_ERROR;
				CLANG_WARN_EMPTY_BODY = YES;
				CLANG_WARN_ENUM_CONVERSION = YES;
				CLANG_WARN_INT_CONVERSION = YES;
				CLANG_WARN_OBJC_ROOT_CLASS = YES_ERROR;
				CLANG_WARN_UNREACHABLE_CODE = YES;
				CLANG_WARN__DUPLICATE_METHOD_MATCH = YES;
				"CODE_SIGN_IDENTITY[sdk=iphoneos*]" = "iPhone Developer";
				COPY_PHASE_STRIP = NO;
				DEBUG_INFORMATION_FORMAT = dwarf;
				ENABLE_STRICT_OBJC_MSGSEND = YES;
				ENABLE_TESTABILITY = YES;
				GCC_C_LANGUAGE_STANDARD = gnu99;
				GCC_DYNAMIC_NO_PIC = NO;
				GCC_NO_COMMON_BLOCKS = YES;
				GCC_OPTIMIZATION_LEVEL = 0;
				GCC_PREPROCESSOR_DEFINITIONS = (
					"DEBUG=1",
					"$(inherited)",
				);
				GCC_WARN_64_TO_32_BIT_CONVERSION = YES;
				GCC_WARN_ABOUT_RETURN_TYPE = YES_ERROR;
				GCC_WARN_UNDECLARED_SELECTOR = YES;
				GCC_WARN_UNINITIALIZED_AUTOS = YES_AGGRESSIVE;
				GCC_WARN_UNUSED_FUNCTION = YES;
				GCC_WARN_UNUSED_VARIABLE = YES;
				IPHONEOS_DEPLOYMENT_TARGET = 9.2;
				MTL_ENABLE_DEBUG_INFO = YES;
				ONLY_ACTIVE_ARCH = YES;
				SDKROOT = iphoneos;
			};
			name = Debug;
		};
		38E37BFD1C6DE36600807203 /* Release */ = {
			isa = XCBuildConfiguration;
			buildSettings = {
				ALWAYS_SEARCH_USER_PATHS = NO;
				CLANG_CXX_LANGUAGE_STANDARD = "gnu++0x";
				CLANG_CXX_LIBRARY = "libc++";
				CLANG_ENABLE_MODULES = YES;
				CLANG_ENABLE_OBJC_ARC = YES;
				CLANG_WARN_BOOL_CONVERSION = YES;
				CLANG_WARN_CONSTANT_CONVERSION = YES;
				CLANG_WARN_DIRECT_OBJC_ISA_USAGE = YES_ERROR;
				CLANG_WARN_EMPTY_BODY = YES;
				CLANG_WARN_ENUM_CONVERSION = YES;
				CLANG_WARN_INT_CONVERSION = YES;
				CLANG_WARN_OBJC_ROOT_CLASS = YES_ERROR;
				CLANG_WARN_UNREACHABLE_CODE = YES;
				CLANG_WARN__DUPLICATE_METHOD_MATCH = YES;
				"CODE_SIGN_IDENTITY[sdk=iphoneos*]" = "iPhone Developer";
				COPY_PHASE_STRIP = NO;
				DEBUG_INFORMATION_FORMAT = "dwarf-with-dsym";
				ENABLE_NS_ASSERTIONS = NO;
				ENABLE_STRICT_OBJC_MSGSEND = YES;
				GCC_C_LANGUAGE_STANDARD = gnu99;
				GCC_NO_COMMON_BLOCKS = YES;
				GCC_WARN_64_TO_32_BIT_CONVERSION = YES;
				GCC_WARN_ABOUT_RETURN_TYPE = YES_ERROR;
				GCC_WARN_UNDECLARED_SELECTOR = YES;
				GCC_WARN_UNINITIALIZED_AUTOS = YES_AGGRESSIVE;
				GCC_WARN_UNUSED_FUNCTION = YES;
				GCC_WARN_UNUSED_VARIABLE = YES;
				IPHONEOS_DEPLOYMENT_TARGET = 9.2;
				MTL_ENABLE_DEBUG_INFO = NO;
				SDKROOT = iphoneos;
				VALIDATE_PRODUCT = YES;
			};
			name = Release;
		};
		38E37BFF1C6DE36600807203 /* Debug */ = {
			isa = XCBuildConfiguration;
			buildSettings = {
				ASSETCATALOG_COMPILER_APPICON_NAME = AppIcon;
				CLANG_ENABLE_MODULES = YES;
				"CODE_SIGN_IDENTITY[sdk=iphoneos*]" = "iPhone Developer";
				DEFINES_MODULE = YES;
				DEVELOPMENT_TEAM = SSW2MT896X;
				INFOPLIST_FILE = scrollviewDemo/Info.plist;
				IPHONEOS_DEPLOYMENT_TARGET = 8.0;
				LD_RUNPATH_SEARCH_PATHS = "$(inherited) @executable_path/Frameworks";
				PRODUCT_BUNDLE_IDENTIFIER = com.safeguard.push;
				PRODUCT_NAME = "$(TARGET_NAME)";
				PROVISIONING_PROFILE = "c8a2fb9a-09a1-43f3-af81-727c7dec691c";
				PROVISIONING_PROFILE_SPECIFIER = "safeguard push";
				SWIFT_OBJC_BRIDGING_HEADER = "scrollviewDemo-Bridging-Header.h";
				SWIFT_OPTIMIZATION_LEVEL = "-Onone";
				SWIFT_VERSION = 3.0;
				TARGETED_DEVICE_FAMILY = "1,2";
			};
			name = Debug;
		};
		38E37C001C6DE36600807203 /* Release */ = {
			isa = XCBuildConfiguration;
			buildSettings = {
				ASSETCATALOG_COMPILER_APPICON_NAME = AppIcon;
				CLANG_ENABLE_MODULES = YES;
				"CODE_SIGN_IDENTITY[sdk=iphoneos*]" = "iPhone Developer";
				DEFINES_MODULE = YES;
				DEVELOPMENT_TEAM = SSW2MT896X;
				INFOPLIST_FILE = scrollviewDemo/Info.plist;
				IPHONEOS_DEPLOYMENT_TARGET = 8.0;
				LD_RUNPATH_SEARCH_PATHS = "$(inherited) @executable_path/Frameworks";
				PRODUCT_BUNDLE_IDENTIFIER = com.safeguard.push;
				PRODUCT_NAME = "$(TARGET_NAME)";
				PROVISIONING_PROFILE = "c8a2fb9a-09a1-43f3-af81-727c7dec691c";
				PROVISIONING_PROFILE_SPECIFIER = "safeguard push";
				SWIFT_OBJC_BRIDGING_HEADER = "scrollviewDemo-Bridging-Header.h";
				SWIFT_VERSION = 3.0;
				TARGETED_DEVICE_FAMILY = "1,2";
			};
			name = Release;
		};
/* End XCBuildConfiguration section */

/* Begin XCConfigurationList section */
		38E37BDF1C6DE36200807203 /* Build configuration list for PBXProject "scrollviewDemo" */ = {
			isa = XCConfigurationList;
			buildConfigurations = (
				38E37BFC1C6DE36600807203 /* Debug */,
				38E37BFD1C6DE36600807203 /* Release */,
			);
			defaultConfigurationIsVisible = 0;
			defaultConfigurationName = Release;
		};
		38E37BFE1C6DE36600807203 /* Build configuration list for PBXNativeTarget "scrollviewDemo" */ = {
			isa = XCConfigurationList;
			buildConfigurations = (
				38E37BFF1C6DE36600807203 /* Debug */,
				38E37C001C6DE36600807203 /* Release */,
			);
			defaultConfigurationIsVisible = 0;
			defaultConfigurationName = Release;
		};
/* End XCConfigurationList section */

/* Begin XCVersionGroup section */
		38E37BF31C6DE36500807203 /* scrollviewDemo.xcdatamodeld */ = {
			isa = XCVersionGroup;
			children = (
				38E37BF41C6DE36500807203 /* scrollviewDemo.xcdatamodel */,
			);
			currentVersion = 38E37BF41C6DE36500807203 /* scrollviewDemo.xcdatamodel */;
			path = scrollviewDemo.xcdatamodeld;
			sourceTree = "<group>";
			versionGroupType = wrapper.xcdatamodel;
		};
/* End XCVersionGroup section */
	};
	rootObject = 38E37BDC1C6DE36200807203 /* Project object */;
}
